// !$*UTF8*$!
{
	archiveVersion = 1;
	classes = {
	};
	objectVersion = 51;
	objects = {

/* Begin PBXBuildFile section */
		415A162FD846F727264F6E20 /* Pods_dzodzo.framework in Frameworks */ = {isa = PBXBuildFile; fileRef = 89F42638FD85FF813A889E17 /* Pods_dzodzo.framework */; };
		5622CA94227FDE57007B0531 /* TotalDashboardTableViewController.swift in Sources */ = {isa = PBXBuildFile; fileRef = 5622CA93227FDE57007B0531 /* TotalDashboardTableViewController.swift */; };
		5622CA9E22802FE9007B0531 /* ReportRevenueTotalAPI.swift in Sources */ = {isa = PBXBuildFile; fileRef = 5622CA9D22802FE9007B0531 /* ReportRevenueTotalAPI.swift */; };
		5622CAA022803207007B0531 /* ReportRevenueTotal.swift in Sources */ = {isa = PBXBuildFile; fileRef = 5622CA9F22803207007B0531 /* ReportRevenueTotal.swift */; };
		562A71A222701F8A00A9929B /* PopupChosseVC.swift in Sources */ = {isa = PBXBuildFile; fileRef = 562A71A122701F8A00A9929B /* PopupChosseVC.swift */; };
		56334CEA229D1E5100F59F71 /* FeedbackCell.swift in Sources */ = {isa = PBXBuildFile; fileRef = 56334CE9229D1E5100F59F71 /* FeedbackCell.swift */; };
		5637B8AC22978DA800146D23 /* ReportRevenueProduct.swift in Sources */ = {isa = PBXBuildFile; fileRef = 5637B8AB22978DA800146D23 /* ReportRevenueProduct.swift */; };
		5656F0082266DA1A00B3FEF3 /* Account.swift in Sources */ = {isa = PBXBuildFile; fileRef = 5656F0072266DA1A00B3FEF3 /* Account.swift */; };
		5665926F2267257700587021 /* CustomView.swift in Sources */ = {isa = PBXBuildFile; fileRef = 5665926E2267257700587021 /* CustomView.swift */; };
		56779E31229404BD002B3F42 /* MenuReportRevenueTotal.swift in Sources */ = {isa = PBXBuildFile; fileRef = 56779E30229404BD002B3F42 /* MenuReportRevenueTotal.swift */; };
		5678C835229B8A5700485CB6 /* ReportRevenueProductAPI.swift in Sources */ = {isa = PBXBuildFile; fileRef = 5678C834229B8A5700485CB6 /* ReportRevenueProductAPI.swift */; };
		5678C839229B91F500485CB6 /* ReportRevenueProductViewController.swift in Sources */ = {isa = PBXBuildFile; fileRef = 5678C838229B91F500485CB6 /* ReportRevenueProductViewController.swift */; };
		5678C83B229BA04B00485CB6 /* ProductTableViewCell.swift in Sources */ = {isa = PBXBuildFile; fileRef = 5678C83A229BA04B00485CB6 /* ProductTableViewCell.swift */; };
		5678C846229BDC6C00485CB6 /* ReportRevenuePayTypeAPI.swift in Sources */ = {isa = PBXBuildFile; fileRef = 5678C845229BDC6C00485CB6 /* ReportRevenuePayTypeAPI.swift */; };
		5678C848229BDCA600485CB6 /* ReportRevenuePayType.swift in Sources */ = {isa = PBXBuildFile; fileRef = 5678C847229BDCA600485CB6 /* ReportRevenuePayType.swift */; };
		5678C84A229BDEE200485CB6 /* ReportRevenueCategoryAPI.swift in Sources */ = {isa = PBXBuildFile; fileRef = 5678C849229BDEE200485CB6 /* ReportRevenueCategoryAPI.swift */; };
		5678C84C229BDEEC00485CB6 /* ReportRevenueCategory.swift in Sources */ = {isa = PBXBuildFile; fileRef = 5678C84B229BDEEC00485CB6 /* ReportRevenueCategory.swift */; };
		5678C84E229BDF6900485CB6 /* ReportRevenueDiscountAPI.swift in Sources */ = {isa = PBXBuildFile; fileRef = 5678C84D229BDF6900485CB6 /* ReportRevenueDiscountAPI.swift */; };
		5678C850229BDFA800485CB6 /* ReportRevenueTaxAPI.swift in Sources */ = {isa = PBXBuildFile; fileRef = 5678C84F229BDFA800485CB6 /* ReportRevenueTaxAPI.swift */; };
		5678C852229BDFEF00485CB6 /* ReportRevenueCustomerDebtAPI.swift in Sources */ = {isa = PBXBuildFile; fileRef = 5678C851229BDFEF00485CB6 /* ReportRevenueCustomerDebtAPI.swift */; };
		5678C854229BE03500485CB6 /* ReportRevenueMaterialsItemDailyAPI.swift in Sources */ = {isa = PBXBuildFile; fileRef = 5678C853229BE03500485CB6 /* ReportRevenueMaterialsItemDailyAPI.swift */; };
		5678C856229BE09C00485CB6 /* ReportRevenueFeedbackAPI.swift in Sources */ = {isa = PBXBuildFile; fileRef = 5678C855229BE09C00485CB6 /* ReportRevenueFeedbackAPI.swift */; };
		5678C858229BE85F00485CB6 /* ReportRevenueDiscount.swift in Sources */ = {isa = PBXBuildFile; fileRef = 5678C857229BE85F00485CB6 /* ReportRevenueDiscount.swift */; };
		5678C85A229BE88900485CB6 /* ReportRevenueTax.swift in Sources */ = {isa = PBXBuildFile; fileRef = 5678C859229BE88900485CB6 /* ReportRevenueTax.swift */; };
		5678C85C229BE89600485CB6 /* ReportRevenueCustomerDebt.swift in Sources */ = {isa = PBXBuildFile; fileRef = 5678C85B229BE89600485CB6 /* ReportRevenueCustomerDebt.swift */; };
		5678C85E229BE8AB00485CB6 /* ReportRevenueMaterialsItemDaily.swift in Sources */ = {isa = PBXBuildFile; fileRef = 5678C85D229BE8AB00485CB6 /* ReportRevenueMaterialsItemDaily.swift */; };
		5678C860229BE8DA00485CB6 /* ReportRevenueFeedback.swift in Sources */ = {isa = PBXBuildFile; fileRef = 5678C85F229BE8DA00485CB6 /* ReportRevenueFeedback.swift */; };
		567DA168229E665300C3507A /* SWRevealViewController.m in Sources */ = {isa = PBXBuildFile; fileRef = 567DA166229E665300C3507A /* SWRevealViewController.m */; };
		567DA16C229E783400C3507A /* MenuViewController.swift in Sources */ = {isa = PBXBuildFile; fileRef = 567DA16B229E783400C3507A /* MenuViewController.swift */; };
		567DA16E229E786B00C3507A /* MenuCell.swift in Sources */ = {isa = PBXBuildFile; fileRef = 567DA16D229E786B00C3507A /* MenuCell.swift */; };
		567DDC3522A61D5B002FB165 /* Assets.xcassets in Resources */ = {isa = PBXBuildFile; fileRef = 567DDC3422A61D5B002FB165 /* Assets.xcassets */; };
		56870CAA2272F6760023EC81 /* CheckPoscode.swift in Sources */ = {isa = PBXBuildFile; fileRef = 56870CA92272F6760023EC81 /* CheckPoscode.swift */; };
		56870CAC2272F9DB0023EC81 /* PoscodeAPI.swift in Sources */ = {isa = PBXBuildFile; fileRef = 56870CAB2272F9DB0023EC81 /* PoscodeAPI.swift */; };
		569EA0B62265BB9000EA1427 /* AppDelegate.swift in Sources */ = {isa = PBXBuildFile; fileRef = 569EA0B52265BB9000EA1427 /* AppDelegate.swift */; };
		569EA0B82265BB9000EA1427 /* LoginVC.swift in Sources */ = {isa = PBXBuildFile; fileRef = 569EA0B72265BB9000EA1427 /* LoginVC.swift */; };
		569EA0BB2265BB9000EA1427 /* Main.storyboard in Resources */ = {isa = PBXBuildFile; fileRef = 569EA0B92265BB9000EA1427 /* Main.storyboard */; };
		569EA0C02265BB9100EA1427 /* LaunchScreen.storyboard in Resources */ = {isa = PBXBuildFile; fileRef = 569EA0BE2265BB9100EA1427 /* LaunchScreen.storyboard */; };
		56A7E06122925B8C00CB1BDF /* BalloonMaker.swift in Sources */ = {isa = PBXBuildFile; fileRef = 56A7E06022925B8C00CB1BDF /* BalloonMaker.swift */; };
		56A7E06422925CD100CB1BDF /* LargeValueFormatter.swift in Sources */ = {isa = PBXBuildFile; fileRef = 56A7E06322925CD100CB1BDF /* LargeValueFormatter.swift */; };
		56A7E06622925D3C00CB1BDF /* IntAxisValueFormatter.swift in Sources */ = {isa = PBXBuildFile; fileRef = 56A7E06522925D3C00CB1BDF /* IntAxisValueFormatter.swift */; };
		56C254D6229CCADD005CB526 /* ReportRevenuePayTypeVC.swift in Sources */ = {isa = PBXBuildFile; fileRef = 56C254D5229CCADD005CB526 /* ReportRevenuePayTypeVC.swift */; };
		56C254D8229CCAFC005CB526 /* ReportRevenueCategoryVC.swift in Sources */ = {isa = PBXBuildFile; fileRef = 56C254D7229CCAFC005CB526 /* ReportRevenueCategoryVC.swift */; };
		56C254DA229CCB0F005CB526 /* ReportRevenueDiscountVC.swift in Sources */ = {isa = PBXBuildFile; fileRef = 56C254D9229CCB0F005CB526 /* ReportRevenueDiscountVC.swift */; };
		56C254DC229CCB1D005CB526 /* ReportRevenueTaxVC.swift in Sources */ = {isa = PBXBuildFile; fileRef = 56C254DB229CCB1D005CB526 /* ReportRevenueTaxVC.swift */; };
		56C254DE229CCB2D005CB526 /* ReportRevenueCustomerDebtVC.swift in Sources */ = {isa = PBXBuildFile; fileRef = 56C254DD229CCB2D005CB526 /* ReportRevenueCustomerDebtVC.swift */; };
		56C254E0229CCB42005CB526 /* ReportRevenueMaterialsItemDailyVC.swift in Sources */ = {isa = PBXBuildFile; fileRef = 56C254DF229CCB42005CB526 /* ReportRevenueMaterialsItemDailyVC.swift */; };
		56C254E2229CCB4F005CB526 /* ReportRevenueFeedbackVC.swift in Sources */ = {isa = PBXBuildFile; fileRef = 56C254E1229CCB4F005CB526 /* ReportRevenueFeedbackVC.swift */; };
		56C254E4229CCD0E005CB526 /* PaytypeCell.swift in Sources */ = {isa = PBXBuildFile; fileRef = 56C254E3229CCD0E005CB526 /* PaytypeCell.swift */; };
		56C254E6229CDB7A005CB526 /* ReportRevenueDiscountCell.swift in Sources */ = {isa = PBXBuildFile; fileRef = 56C254E5229CDB7A005CB526 /* ReportRevenueDiscountCell.swift */; };
		56C254E8229CE7C6005CB526 /* CategoryCell.swift in Sources */ = {isa = PBXBuildFile; fileRef = 56C254E7229CE7C6005CB526 /* CategoryCell.swift */; };
		56C254EA229CEBC7005CB526 /* TaxCell.swift in Sources */ = {isa = PBXBuildFile; fileRef = 56C254E9229CEBC7005CB526 /* TaxCell.swift */; };
		56C254EC229CF471005CB526 /* DebtCell.swift in Sources */ = {isa = PBXBuildFile; fileRef = 56C254EB229CF471005CB526 /* DebtCell.swift */; };
		56C254EE229D1223005CB526 /* MaterialsItemDailyCell.swift in Sources */ = {isa = PBXBuildFile; fileRef = 56C254ED229D1223005CB526 /* MaterialsItemDailyCell.swift */; };
		56C73222226D6CDD00AC8271 /* AccountAPI.swift in Sources */ = {isa = PBXBuildFile; fileRef = 56C73221226D6CDD00AC8271 /* AccountAPI.swift */; };
		56C73227226DA97C00AC8271 /* Constants.swift in Sources */ = {isa = PBXBuildFile; fileRef = 56C73226226DA97C00AC8271 /* Constants.swift */; };
		56C73229226DAC3100AC8271 /* Switcher.swift in Sources */ = {isa = PBXBuildFile; fileRef = 56C73228226DAC3100AC8271 /* Switcher.swift */; };
		56E23F1E2282DC6B002762AC /* SearchPoscodeAPI.swift in Sources */ = {isa = PBXBuildFile; fileRef = 56E23F1D2282DC6B002762AC /* SearchPoscodeAPI.swift */; };
		56E23F202282DE49002762AC /* SearchPoscode.swift in Sources */ = {isa = PBXBuildFile; fileRef = 56E23F1F2282DE49002762AC /* SearchPoscode.swift */; };
/* End PBXBuildFile section */

/* Begin PBXFileReference section */
		5622CA93227FDE57007B0531 /* TotalDashboardTableViewController.swift */ = {isa = PBXFileReference; lastKnownFileType = sourcecode.swift; path = TotalDashboardTableViewController.swift; sourceTree = "<group>"; };
		5622CA9D22802FE9007B0531 /* ReportRevenueTotalAPI.swift */ = {isa = PBXFileReference; lastKnownFileType = sourcecode.swift; path = ReportRevenueTotalAPI.swift; sourceTree = "<group>"; };
		5622CA9F22803207007B0531 /* ReportRevenueTotal.swift */ = {isa = PBXFileReference; lastKnownFileType = sourcecode.swift; path = ReportRevenueTotal.swift; sourceTree = "<group>"; };
		562A71A122701F8A00A9929B /* PopupChosseVC.swift */ = {isa = PBXFileReference; lastKnownFileType = sourcecode.swift; path = PopupChosseVC.swift; sourceTree = "<group>"; };
		56334CE9229D1E5100F59F71 /* FeedbackCell.swift */ = {isa = PBXFileReference; lastKnownFileType = sourcecode.swift; path = FeedbackCell.swift; sourceTree = "<group>"; };
		5637B8AB22978DA800146D23 /* ReportRevenueProduct.swift */ = {isa = PBXFileReference; lastKnownFileType = sourcecode.swift; path = ReportRevenueProduct.swift; sourceTree = "<group>"; };
		5656F0072266DA1A00B3FEF3 /* Account.swift */ = {isa = PBXFileReference; lastKnownFileType = sourcecode.swift; path = Account.swift; sourceTree = "<group>"; };
		5665926E2267257700587021 /* CustomView.swift */ = {isa = PBXFileReference; lastKnownFileType = sourcecode.swift; path = CustomView.swift; sourceTree = "<group>"; };
		56779E30229404BD002B3F42 /* MenuReportRevenueTotal.swift */ = {isa = PBXFileReference; lastKnownFileType = sourcecode.swift; path = MenuReportRevenueTotal.swift; sourceTree = "<group>"; };
		5678C834229B8A5700485CB6 /* ReportRevenueProductAPI.swift */ = {isa = PBXFileReference; lastKnownFileType = sourcecode.swift; path = ReportRevenueProductAPI.swift; sourceTree = "<group>"; };
		5678C838229B91F500485CB6 /* ReportRevenueProductViewController.swift */ = {isa = PBXFileReference; lastKnownFileType = sourcecode.swift; path = ReportRevenueProductViewController.swift; sourceTree = "<group>"; };
		5678C83A229BA04B00485CB6 /* ProductTableViewCell.swift */ = {isa = PBXFileReference; lastKnownFileType = sourcecode.swift; path = ProductTableViewCell.swift; sourceTree = "<group>"; };
		5678C845229BDC6C00485CB6 /* ReportRevenuePayTypeAPI.swift */ = {isa = PBXFileReference; lastKnownFileType = sourcecode.swift; path = ReportRevenuePayTypeAPI.swift; sourceTree = "<group>"; };
		5678C847229BDCA600485CB6 /* ReportRevenuePayType.swift */ = {isa = PBXFileReference; lastKnownFileType = sourcecode.swift; path = ReportRevenuePayType.swift; sourceTree = "<group>"; };
		5678C849229BDEE200485CB6 /* ReportRevenueCategoryAPI.swift */ = {isa = PBXFileReference; lastKnownFileType = sourcecode.swift; path = ReportRevenueCategoryAPI.swift; sourceTree = "<group>"; };
		5678C84B229BDEEC00485CB6 /* ReportRevenueCategory.swift */ = {isa = PBXFileReference; lastKnownFileType = sourcecode.swift; path = ReportRevenueCategory.swift; sourceTree = "<group>"; };
		5678C84D229BDF6900485CB6 /* ReportRevenueDiscountAPI.swift */ = {isa = PBXFileReference; lastKnownFileType = sourcecode.swift; path = ReportRevenueDiscountAPI.swift; sourceTree = "<group>"; };
		5678C84F229BDFA800485CB6 /* ReportRevenueTaxAPI.swift */ = {isa = PBXFileReference; lastKnownFileType = sourcecode.swift; path = ReportRevenueTaxAPI.swift; sourceTree = "<group>"; };
		5678C851229BDFEF00485CB6 /* ReportRevenueCustomerDebtAPI.swift */ = {isa = PBXFileReference; lastKnownFileType = sourcecode.swift; path = ReportRevenueCustomerDebtAPI.swift; sourceTree = "<group>"; };
		5678C853229BE03500485CB6 /* ReportRevenueMaterialsItemDailyAPI.swift */ = {isa = PBXFileReference; lastKnownFileType = sourcecode.swift; path = ReportRevenueMaterialsItemDailyAPI.swift; sourceTree = "<group>"; };
		5678C855229BE09C00485CB6 /* ReportRevenueFeedbackAPI.swift */ = {isa = PBXFileReference; lastKnownFileType = sourcecode.swift; path = ReportRevenueFeedbackAPI.swift; sourceTree = "<group>"; };
		5678C857229BE85F00485CB6 /* ReportRevenueDiscount.swift */ = {isa = PBXFileReference; lastKnownFileType = sourcecode.swift; path = ReportRevenueDiscount.swift; sourceTree = "<group>"; };
		5678C859229BE88900485CB6 /* ReportRevenueTax.swift */ = {isa = PBXFileReference; lastKnownFileType = sourcecode.swift; path = ReportRevenueTax.swift; sourceTree = "<group>"; };
		5678C85B229BE89600485CB6 /* ReportRevenueCustomerDebt.swift */ = {isa = PBXFileReference; lastKnownFileType = sourcecode.swift; path = ReportRevenueCustomerDebt.swift; sourceTree = "<group>"; };
		5678C85D229BE8AB00485CB6 /* ReportRevenueMaterialsItemDaily.swift */ = {isa = PBXFileReference; lastKnownFileType = sourcecode.swift; path = ReportRevenueMaterialsItemDaily.swift; sourceTree = "<group>"; };
		5678C85F229BE8DA00485CB6 /* ReportRevenueFeedback.swift */ = {isa = PBXFileReference; lastKnownFileType = sourcecode.swift; path = ReportRevenueFeedback.swift; sourceTree = "<group>"; };
		567DA165229E665200C3507A /* dzodzo-Bridging-Header.h */ = {isa = PBXFileReference; lastKnownFileType = sourcecode.c.h; path = "dzodzo-Bridging-Header.h"; sourceTree = "<group>"; };
		567DA166229E665300C3507A /* SWRevealViewController.m */ = {isa = PBXFileReference; fileEncoding = 4; lastKnownFileType = sourcecode.c.objc; path = SWRevealViewController.m; sourceTree = "<group>"; };
		567DA167229E665300C3507A /* SWRevealViewController.h */ = {isa = PBXFileReference; fileEncoding = 4; lastKnownFileType = sourcecode.c.h; path = SWRevealViewController.h; sourceTree = "<group>"; };
		567DA16B229E783400C3507A /* MenuViewController.swift */ = {isa = PBXFileReference; lastKnownFileType = sourcecode.swift; path = MenuViewController.swift; sourceTree = "<group>"; };
		567DA16D229E786B00C3507A /* MenuCell.swift */ = {isa = PBXFileReference; lastKnownFileType = sourcecode.swift; path = MenuCell.swift; sourceTree = "<group>"; };
		567DDC3422A61D5B002FB165 /* Assets.xcassets */ = {isa = PBXFileReference; lastKnownFileType = folder.assetcatalog; name = Assets.xcassets; path = "../../dzodzo-master/dzodzo/Assets.xcassets"; sourceTree = "<group>"; };
		56870CA92272F6760023EC81 /* CheckPoscode.swift */ = {isa = PBXFileReference; lastKnownFileType = sourcecode.swift; path = CheckPoscode.swift; sourceTree = "<group>"; };
		56870CAB2272F9DB0023EC81 /* PoscodeAPI.swift */ = {isa = PBXFileReference; lastKnownFileType = sourcecode.swift; path = PoscodeAPI.swift; sourceTree = "<group>"; };
		569EA0B22265BB9000EA1427 /* dzodzo.app */ = {isa = PBXFileReference; explicitFileType = wrapper.application; includeInIndex = 0; path = dzodzo.app; sourceTree = BUILT_PRODUCTS_DIR; };
		569EA0B52265BB9000EA1427 /* AppDelegate.swift */ = {isa = PBXFileReference; lastKnownFileType = sourcecode.swift; path = AppDelegate.swift; sourceTree = "<group>"; };
		569EA0B72265BB9000EA1427 /* LoginVC.swift */ = {isa = PBXFileReference; lastKnownFileType = sourcecode.swift; path = LoginVC.swift; sourceTree = "<group>"; };
		569EA0BA2265BB9000EA1427 /* Base */ = {isa = PBXFileReference; lastKnownFileType = file.storyboard; name = Base; path = Base.lproj/Main.storyboard; sourceTree = "<group>"; };
		569EA0BF2265BB9100EA1427 /* Base */ = {isa = PBXFileReference; lastKnownFileType = file.storyboard; name = Base; path = Base.lproj/LaunchScreen.storyboard; sourceTree = "<group>"; };
		569EA0C12265BB9100EA1427 /* Info.plist */ = {isa = PBXFileReference; lastKnownFileType = text.plist.xml; path = Info.plist; sourceTree = "<group>"; };
		56A7E06022925B8C00CB1BDF /* BalloonMaker.swift */ = {isa = PBXFileReference; lastKnownFileType = sourcecode.swift; path = BalloonMaker.swift; sourceTree = "<group>"; };
		56A7E06322925CD100CB1BDF /* LargeValueFormatter.swift */ = {isa = PBXFileReference; lastKnownFileType = sourcecode.swift; path = LargeValueFormatter.swift; sourceTree = "<group>"; };
		56A7E06522925D3C00CB1BDF /* IntAxisValueFormatter.swift */ = {isa = PBXFileReference; lastKnownFileType = sourcecode.swift; path = IntAxisValueFormatter.swift; sourceTree = "<group>"; };
		56C254D5229CCADD005CB526 /* ReportRevenuePayTypeVC.swift */ = {isa = PBXFileReference; lastKnownFileType = sourcecode.swift; path = ReportRevenuePayTypeVC.swift; sourceTree = "<group>"; };
		56C254D7229CCAFC005CB526 /* ReportRevenueCategoryVC.swift */ = {isa = PBXFileReference; lastKnownFileType = sourcecode.swift; path = ReportRevenueCategoryVC.swift; sourceTree = "<group>"; };
		56C254D9229CCB0F005CB526 /* ReportRevenueDiscountVC.swift */ = {isa = PBXFileReference; lastKnownFileType = sourcecode.swift; path = ReportRevenueDiscountVC.swift; sourceTree = "<group>"; };
		56C254DB229CCB1D005CB526 /* ReportRevenueTaxVC.swift */ = {isa = PBXFileReference; lastKnownFileType = sourcecode.swift; path = ReportRevenueTaxVC.swift; sourceTree = "<group>"; };
		56C254DD229CCB2D005CB526 /* ReportRevenueCustomerDebtVC.swift */ = {isa = PBXFileReference; lastKnownFileType = sourcecode.swift; path = ReportRevenueCustomerDebtVC.swift; sourceTree = "<group>"; };
		56C254DF229CCB42005CB526 /* ReportRevenueMaterialsItemDailyVC.swift */ = {isa = PBXFileReference; lastKnownFileType = sourcecode.swift; path = ReportRevenueMaterialsItemDailyVC.swift; sourceTree = "<group>"; };
		56C254E1229CCB4F005CB526 /* ReportRevenueFeedbackVC.swift */ = {isa = PBXFileReference; lastKnownFileType = sourcecode.swift; path = ReportRevenueFeedbackVC.swift; sourceTree = "<group>"; };
		56C254E3229CCD0E005CB526 /* PaytypeCell.swift */ = {isa = PBXFileReference; lastKnownFileType = sourcecode.swift; path = PaytypeCell.swift; sourceTree = "<group>"; };
		56C254E5229CDB7A005CB526 /* ReportRevenueDiscountCell.swift */ = {isa = PBXFileReference; lastKnownFileType = sourcecode.swift; path = ReportRevenueDiscountCell.swift; sourceTree = "<group>"; };
		56C254E7229CE7C6005CB526 /* CategoryCell.swift */ = {isa = PBXFileReference; lastKnownFileType = sourcecode.swift; path = CategoryCell.swift; sourceTree = "<group>"; };
		56C254E9229CEBC7005CB526 /* TaxCell.swift */ = {isa = PBXFileReference; lastKnownFileType = sourcecode.swift; path = TaxCell.swift; sourceTree = "<group>"; };
		56C254EB229CF471005CB526 /* DebtCell.swift */ = {isa = PBXFileReference; lastKnownFileType = sourcecode.swift; path = DebtCell.swift; sourceTree = "<group>"; };
		56C254ED229D1223005CB526 /* MaterialsItemDailyCell.swift */ = {isa = PBXFileReference; lastKnownFileType = sourcecode.swift; path = MaterialsItemDailyCell.swift; sourceTree = "<group>"; };
		56C73221226D6CDD00AC8271 /* AccountAPI.swift */ = {isa = PBXFileReference; lastKnownFileType = sourcecode.swift; path = AccountAPI.swift; sourceTree = "<group>"; };
		56C73226226DA97C00AC8271 /* Constants.swift */ = {isa = PBXFileReference; lastKnownFileType = sourcecode.swift; path = Constants.swift; sourceTree = "<group>"; };
		56C73228226DAC3100AC8271 /* Switcher.swift */ = {isa = PBXFileReference; lastKnownFileType = sourcecode.swift; path = Switcher.swift; sourceTree = "<group>"; };
		56E23F1D2282DC6B002762AC /* SearchPoscodeAPI.swift */ = {isa = PBXFileReference; lastKnownFileType = sourcecode.swift; path = SearchPoscodeAPI.swift; sourceTree = "<group>"; };
		56E23F1F2282DE49002762AC /* SearchPoscode.swift */ = {isa = PBXFileReference; lastKnownFileType = sourcecode.swift; path = SearchPoscode.swift; sourceTree = "<group>"; };
		77F78A33C15A852BC5ABCDBD /* Pods-dzodzo.debug.xcconfig */ = {isa = PBXFileReference; includeInIndex = 1; lastKnownFileType = text.xcconfig; name = "Pods-dzodzo.debug.xcconfig"; path = "Target Support Files/Pods-dzodzo/Pods-dzodzo.debug.xcconfig"; sourceTree = "<group>"; };
		89F42638FD85FF813A889E17 /* Pods_dzodzo.framework */ = {isa = PBXFileReference; explicitFileType = wrapper.framework; includeInIndex = 0; path = Pods_dzodzo.framework; sourceTree = BUILT_PRODUCTS_DIR; };
		EDC63531AFE9F6C5E5E2C875 /* Pods-dzodzo.release.xcconfig */ = {isa = PBXFileReference; includeInIndex = 1; lastKnownFileType = text.xcconfig; name = "Pods-dzodzo.release.xcconfig"; path = "Target Support Files/Pods-dzodzo/Pods-dzodzo.release.xcconfig"; sourceTree = "<group>"; };
/* End PBXFileReference section */

/* Begin PBXFrameworksBuildPhase section */
		569EA0AF2265BB9000EA1427 /* Frameworks */ = {
			isa = PBXFrameworksBuildPhase;
			buildActionMask = 2147483647;
			files = (
				415A162FD846F727264F6E20 /* Pods_dzodzo.framework in Frameworks */,
			);
			runOnlyForDeploymentPostprocessing = 0;
		};
/* End PBXFrameworksBuildPhase section */

/* Begin PBXGroup section */
		5622CA97227FDFC3007B0531 /* ReportRevenueTotal */ = {
			isa = PBXGroup;
			children = (
				5622CA93227FDE57007B0531 /* TotalDashboardTableViewController.swift */,
			);
			path = ReportRevenueTotal;
			sourceTree = "<group>";
		};
		5622CA99227FE009007B0531 /* Custom */ = {
			isa = PBXGroup;
			children = (
				5665926E2267257700587021 /* CustomView.swift */,
			);
			path = Custom;
			sourceTree = "<group>";
		};
		5622CA9A227FE022007B0531 /* Login */ = {
			isa = PBXGroup;
			children = (
				569EA0B72265BB9000EA1427 /* LoginVC.swift */,
				562A71A122701F8A00A9929B /* PopupChosseVC.swift */,
			);
			path = Login;
			sourceTree = "<group>";
		};
		5637B8AF22978DEA00146D23 /* ReportRevenueProduct */ = {
			isa = PBXGroup;
			children = (
				5678C838229B91F500485CB6 /* ReportRevenueProductViewController.swift */,
				5678C83A229BA04B00485CB6 /* ProductTableViewCell.swift */,
			);
			path = ReportRevenueProduct;
			sourceTree = "<group>";
		};
		56779E2F22940499002B3F42 /* Main */ = {
			isa = PBXGroup;
			children = (
				56779E30229404BD002B3F42 /* MenuReportRevenueTotal.swift */,
			);
			path = Main;
			sourceTree = "<group>";
		};
		5678C83E229BC6B900485CB6 /* ReportRevenueFeedback */ = {
			isa = PBXGroup;
			children = (
				56C254E1229CCB4F005CB526 /* ReportRevenueFeedbackVC.swift */,
				56334CE9229D1E5100F59F71 /* FeedbackCell.swift */,
			);
			path = ReportRevenueFeedback;
			sourceTree = "<group>";
		};
		5678C83F229BC6BC00485CB6 /* ReportRevenueMaterialsItemDaily */ = {
			isa = PBXGroup;
			children = (
				56C254DF229CCB42005CB526 /* ReportRevenueMaterialsItemDailyVC.swift */,
				56C254ED229D1223005CB526 /* MaterialsItemDailyCell.swift */,
			);
			path = ReportRevenueMaterialsItemDaily;
			sourceTree = "<group>";
		};
		5678C840229BC6C100485CB6 /* ReportRevenueCustomerDebt */ = {
			isa = PBXGroup;
			children = (
				56C254DD229CCB2D005CB526 /* ReportRevenueCustomerDebtVC.swift */,
				56C254EB229CF471005CB526 /* DebtCell.swift */,
			);
			path = ReportRevenueCustomerDebt;
			sourceTree = "<group>";
		};
		5678C841229BC6C500485CB6 /* ReportRevenueTax */ = {
			isa = PBXGroup;
			children = (
				56C254DB229CCB1D005CB526 /* ReportRevenueTaxVC.swift */,
				56C254E9229CEBC7005CB526 /* TaxCell.swift */,
			);
			path = ReportRevenueTax;
			sourceTree = "<group>";
		};
		5678C842229BC6C900485CB6 /* ReportRevenueDiscount */ = {
			isa = PBXGroup;
			children = (
				56C254D9229CCB0F005CB526 /* ReportRevenueDiscountVC.swift */,
				56C254E5229CDB7A005CB526 /* ReportRevenueDiscountCell.swift */,
			);
			path = ReportRevenueDiscount;
			sourceTree = "<group>";
		};
		5678C843229BC6CC00485CB6 /* ReportRevenueCategory */ = {
			isa = PBXGroup;
			children = (
				56C254D7229CCAFC005CB526 /* ReportRevenueCategoryVC.swift */,
				56C254E7229CE7C6005CB526 /* CategoryCell.swift */,
			);
			path = ReportRevenueCategory;
			sourceTree = "<group>";
		};
		5678C844229BC6CF00485CB6 /* ReportRevenuePayType */ = {
			isa = PBXGroup;
			children = (
				56C254D5229CCADD005CB526 /* ReportRevenuePayTypeVC.swift */,
				56C254E3229CCD0E005CB526 /* PaytypeCell.swift */,
			);
			path = ReportRevenuePayType;
			sourceTree = "<group>";
		};
		567DA164229E65CA00C3507A /* New Group */ = {
			isa = PBXGroup;
			children = (
				567DA167229E665300C3507A /* SWRevealViewController.h */,
				567DA166229E665300C3507A /* SWRevealViewController.m */,
				567DA165229E665200C3507A /* dzodzo-Bridging-Header.h */,
				567DA16B229E783400C3507A /* MenuViewController.swift */,
				567DA16D229E786B00C3507A /* MenuCell.swift */,
			);
			path = "New Group";
			sourceTree = "<group>";
		};
		5686528C2266E25600AC9E28 /* Model */ = {
			isa = PBXGroup;
			children = (
				5656F0072266DA1A00B3FEF3 /* Account.swift */,
				56E23F1F2282DE49002762AC /* SearchPoscode.swift */,
				56870CA92272F6760023EC81 /* CheckPoscode.swift */,
				5622CA9F22803207007B0531 /* ReportRevenueTotal.swift */,
				5637B8AB22978DA800146D23 /* ReportRevenueProduct.swift */,
				5678C847229BDCA600485CB6 /* ReportRevenuePayType.swift */,
				5678C84B229BDEEC00485CB6 /* ReportRevenueCategory.swift */,
				5678C857229BE85F00485CB6 /* ReportRevenueDiscount.swift */,
				5678C859229BE88900485CB6 /* ReportRevenueTax.swift */,
				5678C85B229BE89600485CB6 /* ReportRevenueCustomerDebt.swift */,
				5678C85D229BE8AB00485CB6 /* ReportRevenueMaterialsItemDaily.swift */,
				5678C85F229BE8DA00485CB6 /* ReportRevenueFeedback.swift */,
			);
			path = Model;
			sourceTree = "<group>";
		};
		5686528D2266E28400AC9E28 /* View */ = {
			isa = PBXGroup;
			children = (
				56779E2F22940499002B3F42 /* Main */,
				567DA164229E65CA00C3507A /* New Group */,
				5622CA9A227FE022007B0531 /* Login */,
				5622CA99227FE009007B0531 /* Custom */,
				5622CA97227FDFC3007B0531 /* ReportRevenueTotal */,
				5637B8AF22978DEA00146D23 /* ReportRevenueProduct */,
				5678C844229BC6CF00485CB6 /* ReportRevenuePayType */,
				5678C843229BC6CC00485CB6 /* ReportRevenueCategory */,
				5678C842229BC6C900485CB6 /* ReportRevenueDiscount */,
				5678C841229BC6C500485CB6 /* ReportRevenueTax */,
				5678C840229BC6C100485CB6 /* ReportRevenueCustomerDebt */,
				5678C83F229BC6BC00485CB6 /* ReportRevenueMaterialsItemDaily */,
				5678C83E229BC6B900485CB6 /* ReportRevenueFeedback */,
				56A7E06222925C9100CB1BDF /* Formatters */,
			);
			path = View;
			sourceTree = "<group>";
		};
		569EA0A92265BB9000EA1427 = {
			isa = PBXGroup;
			children = (
				569EA0B42265BB9000EA1427 /* dzodzo */,
				569EA0B32265BB9000EA1427 /* Products */,
				7C36711843370F810410C167 /* Pods */,
				D4CFE47C7CA34FA5B66CAA9F /* Frameworks */,
			);
			sourceTree = "<group>";
		};
		569EA0B32265BB9000EA1427 /* Products */ = {
			isa = PBXGroup;
			children = (
				569EA0B22265BB9000EA1427 /* dzodzo.app */,
			);
			name = Products;
			sourceTree = "<group>";
		};
		569EA0B42265BB9000EA1427 /* dzodzo */ = {
			isa = PBXGroup;
			children = (
				569EA0B52265BB9000EA1427 /* AppDelegate.swift */,
				56C73223226D6CE900AC8271 /* Controller */,
				5686528C2266E25600AC9E28 /* Model */,
				5686528D2266E28400AC9E28 /* View */,
				569EA0B92265BB9000EA1427 /* Main.storyboard */,
				567DDC3422A61D5B002FB165 /* Assets.xcassets */,
				569EA0BE2265BB9100EA1427 /* LaunchScreen.storyboard */,
				569EA0C12265BB9100EA1427 /* Info.plist */,
			);
			path = dzodzo;
			sourceTree = "<group>";
		};
		56A7E06222925C9100CB1BDF /* Formatters */ = {
			isa = PBXGroup;
			children = (
				56A7E06022925B8C00CB1BDF /* BalloonMaker.swift */,
				56A7E06322925CD100CB1BDF /* LargeValueFormatter.swift */,
				56A7E06522925D3C00CB1BDF /* IntAxisValueFormatter.swift */,
			);
			path = Formatters;
			sourceTree = "<group>";
		};
		56C73223226D6CE900AC8271 /* Controller */ = {
			isa = PBXGroup;
			children = (
				56C73221226D6CDD00AC8271 /* AccountAPI.swift */,
				56C73226226DA97C00AC8271 /* Constants.swift */,
				56C73228226DAC3100AC8271 /* Switcher.swift */,
				56E23F1D2282DC6B002762AC /* SearchPoscodeAPI.swift */,
				56870CAB2272F9DB0023EC81 /* PoscodeAPI.swift */,
				5622CA9D22802FE9007B0531 /* ReportRevenueTotalAPI.swift */,
				5678C834229B8A5700485CB6 /* ReportRevenueProductAPI.swift */,
				5678C845229BDC6C00485CB6 /* ReportRevenuePayTypeAPI.swift */,
				5678C849229BDEE200485CB6 /* ReportRevenueCategoryAPI.swift */,
				5678C84D229BDF6900485CB6 /* ReportRevenueDiscountAPI.swift */,
				5678C84F229BDFA800485CB6 /* ReportRevenueTaxAPI.swift */,
				5678C851229BDFEF00485CB6 /* ReportRevenueCustomerDebtAPI.swift */,
				5678C853229BE03500485CB6 /* ReportRevenueMaterialsItemDailyAPI.swift */,
				5678C855229BE09C00485CB6 /* ReportRevenueFeedbackAPI.swift */,
			);
			path = Controller;
			sourceTree = "<group>";
		};
		7C36711843370F810410C167 /* Pods */ = {
			isa = PBXGroup;
			children = (
				77F78A33C15A852BC5ABCDBD /* Pods-dzodzo.debug.xcconfig */,
				EDC63531AFE9F6C5E5E2C875 /* Pods-dzodzo.release.xcconfig */,
			);
			path = Pods;
			sourceTree = "<group>";
		};
		D4CFE47C7CA34FA5B66CAA9F /* Frameworks */ = {
			isa = PBXGroup;
			children = (
				89F42638FD85FF813A889E17 /* Pods_dzodzo.framework */,
			);
			name = Frameworks;
			sourceTree = "<group>";
		};
/* End PBXGroup section */

/* Begin PBXNativeTarget section */
		569EA0B12265BB9000EA1427 /* dzodzo */ = {
			isa = PBXNativeTarget;
			buildConfigurationList = 569EA0C42265BB9100EA1427 /* Build configuration list for PBXNativeTarget "dzodzo" */;
			buildPhases = (
				87731B84FCAD3D5BC4E2B8BB /* [CP] Check Pods Manifest.lock */,
				569EA0AE2265BB9000EA1427 /* Sources */,
				569EA0AF2265BB9000EA1427 /* Frameworks */,
				569EA0B02265BB9000EA1427 /* Resources */,
				14A5D6EBDF8E5DA04500FD71 /* [CP] Embed Pods Frameworks */,
			);
			buildRules = (
			);
			dependencies = (
			);
			name = dzodzo;
			productName = dzodzo;
			productReference = 569EA0B22265BB9000EA1427 /* dzodzo.app */;
			productType = "com.apple.product-type.application";
		};
/* End PBXNativeTarget section */

/* Begin PBXProject section */
		569EA0AA2265BB9000EA1427 /* Project object */ = {
			isa = PBXProject;
			attributes = {
				LastSwiftUpdateCheck = 1020;
				LastUpgradeCheck = 1020;
				ORGANIZATIONNAME = anhxa100;
				TargetAttributes = {
					569EA0B12265BB9000EA1427 = {
						CreatedOnToolsVersion = 10.2;
						LastSwiftMigration = 1020;
					};
				};
			};
			buildConfigurationList = 569EA0AD2265BB9000EA1427 /* Build configuration list for PBXProject "dzodzo" */;
			compatibilityVersion = "Xcode 9.3";
			developmentRegion = en;
			hasScannedForEncodings = 0;
			knownRegions = (
				en,
				Base,
			);
			mainGroup = 569EA0A92265BB9000EA1427;
			productRefGroup = 569EA0B32265BB9000EA1427 /* Products */;
			projectDirPath = "";
			projectRoot = "";
			targets = (
				569EA0B12265BB9000EA1427 /* dzodzo */,
			);
		};
/* End PBXProject section */

/* Begin PBXResourcesBuildPhase section */
		569EA0B02265BB9000EA1427 /* Resources */ = {
			isa = PBXResourcesBuildPhase;
			buildActionMask = 2147483647;
			files = (
				569EA0C02265BB9100EA1427 /* LaunchScreen.storyboard in Resources */,
				567DDC3522A61D5B002FB165 /* Assets.xcassets in Resources */,
				569EA0BB2265BB9000EA1427 /* Main.storyboard in Resources */,
			);
			runOnlyForDeploymentPostprocessing = 0;
		};
/* End PBXResourcesBuildPhase section */

/* Begin PBXShellScriptBuildPhase section */
		14A5D6EBDF8E5DA04500FD71 /* [CP] Embed Pods Frameworks */ = {
			isa = PBXShellScriptBuildPhase;
			buildActionMask = 2147483647;
			files = (
			);
			inputFileListPaths = (
				"${PODS_ROOT}/Target Support Files/Pods-dzodzo/Pods-dzodzo-frameworks-${CONFIGURATION}-input-files.xcfilelist",
			);
			name = "[CP] Embed Pods Frameworks";
			outputFileListPaths = (
				"${PODS_ROOT}/Target Support Files/Pods-dzodzo/Pods-dzodzo-frameworks-${CONFIGURATION}-output-files.xcfilelist",
			);
			runOnlyForDeploymentPostprocessing = 0;
			shellPath = /bin/sh;
			shellScript = "\"${PODS_ROOT}/Target Support Files/Pods-dzodzo/Pods-dzodzo-frameworks.sh\"\n";
			showEnvVarsInLog = 0;
		};
		87731B84FCAD3D5BC4E2B8BB /* [CP] Check Pods Manifest.lock */ = {
			isa = PBXShellScriptBuildPhase;
			buildActionMask = 2147483647;
			files = (
			);
			inputFileListPaths = (
			);
			inputPaths = (
				"${PODS_PODFILE_DIR_PATH}/Podfile.lock",
				"${PODS_ROOT}/Manifest.lock",
			);
			name = "[CP] Check Pods Manifest.lock";
			outputFileListPaths = (
			);
			outputPaths = (
				"$(DERIVED_FILE_DIR)/Pods-dzodzo-checkManifestLockResult.txt",
			);
			runOnlyForDeploymentPostprocessing = 0;
			shellPath = /bin/sh;
			shellScript = "diff \"${PODS_PODFILE_DIR_PATH}/Podfile.lock\" \"${PODS_ROOT}/Manifest.lock\" > /dev/null\nif [ $? != 0 ] ; then\n    # print error to STDERR\n    echo \"error: The sandbox is not in sync with the Podfile.lock. Run 'pod install' or update your CocoaPods installation.\" >&2\n    exit 1\nfi\n# This output is used by Xcode 'outputs' to avoid re-running this script phase.\necho \"SUCCESS\" > \"${SCRIPT_OUTPUT_FILE_0}\"\n";
			showEnvVarsInLog = 0;
		};
/* End PBXShellScriptBuildPhase section */

/* Begin PBXSourcesBuildPhase section */
		569EA0AE2265BB9000EA1427 /* Sources */ = {
			isa = PBXSourcesBuildPhase;
			buildActionMask = 2147483647;
			files = (
				56E23F202282DE49002762AC /* SearchPoscode.swift in Sources */,
				56C254D6229CCADD005CB526 /* ReportRevenuePayTypeVC.swift in Sources */,
				567DA16E229E786B00C3507A /* MenuCell.swift in Sources */,
				5622CAA022803207007B0531 /* ReportRevenueTotal.swift in Sources */,
				56779E31229404BD002B3F42 /* MenuReportRevenueTotal.swift in Sources */,
				56C254DE229CCB2D005CB526 /* ReportRevenueCustomerDebtVC.swift in Sources */,
				5678C85A229BE88900485CB6 /* ReportRevenueTax.swift in Sources */,
				56E23F1E2282DC6B002762AC /* SearchPoscodeAPI.swift in Sources */,
				5678C85E229BE8AB00485CB6 /* ReportRevenueMaterialsItemDaily.swift in Sources */,
				5637B8AC22978DA800146D23 /* ReportRevenueProduct.swift in Sources */,
				5678C856229BE09C00485CB6 /* ReportRevenueFeedbackAPI.swift in Sources */,
				56C254E8229CE7C6005CB526 /* CategoryCell.swift in Sources */,
				56870CAC2272F9DB0023EC81 /* PoscodeAPI.swift in Sources */,
				56C254DC229CCB1D005CB526 /* ReportRevenueTaxVC.swift in Sources */,
				569EA0B82265BB9000EA1427 /* LoginVC.swift in Sources */,
				56C254DA229CCB0F005CB526 /* ReportRevenueDiscountVC.swift in Sources */,
				56C73222226D6CDD00AC8271 /* AccountAPI.swift in Sources */,
				56C254D8229CCAFC005CB526 /* ReportRevenueCategoryVC.swift in Sources */,
				5678C84E229BDF6900485CB6 /* ReportRevenueDiscountAPI.swift in Sources */,
				5678C858229BE85F00485CB6 /* ReportRevenueDiscount.swift in Sources */,
				56A7E06122925B8C00CB1BDF /* BalloonMaker.swift in Sources */,
				5678C84C229BDEEC00485CB6 /* ReportRevenueCategory.swift in Sources */,
				5678C846229BDC6C00485CB6 /* ReportRevenuePayTypeAPI.swift in Sources */,
				562A71A222701F8A00A9929B /* PopupChosseVC.swift in Sources */,
				5622CA94227FDE57007B0531 /* TotalDashboardTableViewController.swift in Sources */,
				56C254E6229CDB7A005CB526 /* ReportRevenueDiscountCell.swift in Sources */,
				5665926F2267257700587021 /* CustomView.swift in Sources */,
				5622CA9E22802FE9007B0531 /* ReportRevenueTotalAPI.swift in Sources */,
				56C254EA229CEBC7005CB526 /* TaxCell.swift in Sources */,
				56A7E06622925D3C00CB1BDF /* IntAxisValueFormatter.swift in Sources */,
				5678C85C229BE89600485CB6 /* ReportRevenueCustomerDebt.swift in Sources */,
				56A7E06422925CD100CB1BDF /* LargeValueFormatter.swift in Sources */,
				56C254E2229CCB4F005CB526 /* ReportRevenueFeedbackVC.swift in Sources */,
				5678C852229BDFEF00485CB6 /* ReportRevenueCustomerDebtAPI.swift in Sources */,
				56870CAA2272F6760023EC81 /* CheckPoscode.swift in Sources */,
				567DA16C229E783400C3507A /* MenuViewController.swift in Sources */,
				5678C83B229BA04B00485CB6 /* ProductTableViewCell.swift in Sources */,
				5678C835229B8A5700485CB6 /* ReportRevenueProductAPI.swift in Sources */,
				56C254E4229CCD0E005CB526 /* PaytypeCell.swift in Sources */,
				5678C854229BE03500485CB6 /* ReportRevenueMaterialsItemDailyAPI.swift in Sources */,
				5678C84A229BDEE200485CB6 /* ReportRevenueCategoryAPI.swift in Sources */,
				567DA168229E665300C3507A /* SWRevealViewController.m in Sources */,
				56C73227226DA97C00AC8271 /* Constants.swift in Sources */,
				5678C848229BDCA600485CB6 /* ReportRevenuePayType.swift in Sources */,
				56334CEA229D1E5100F59F71 /* FeedbackCell.swift in Sources */,
				56C254EC229CF471005CB526 /* DebtCell.swift in Sources */,
				56C254E0229CCB42005CB526 /* ReportRevenueMaterialsItemDailyVC.swift in Sources */,
				569EA0B62265BB9000EA1427 /* AppDelegate.swift in Sources */,
				56C254EE229D1223005CB526 /* MaterialsItemDailyCell.swift in Sources */,
				5678C860229BE8DA00485CB6 /* ReportRevenueFeedback.swift in Sources */,
				5678C839229B91F500485CB6 /* ReportRevenueProductViewController.swift in Sources */,
				5656F0082266DA1A00B3FEF3 /* Account.swift in Sources */,
				5678C850229BDFA800485CB6 /* ReportRevenueTaxAPI.swift in Sources */,
				56C73229226DAC3100AC8271 /* Switcher.swift in Sources */,
			);
			runOnlyForDeploymentPostprocessing = 0;
		};
/* End PBXSourcesBuildPhase section */

/* Begin PBXVariantGroup section */
		569EA0B92265BB9000EA1427 /* Main.storyboard */ = {
			isa = PBXVariantGroup;
			children = (
				569EA0BA2265BB9000EA1427 /* Base */,
			);
			name = Main.storyboard;
			sourceTree = "<group>";
		};
		569EA0BE2265BB9100EA1427 /* LaunchScreen.storyboard */ = {
			isa = PBXVariantGroup;
			children = (
				569EA0BF2265BB9100EA1427 /* Base */,
			);
			name = LaunchScreen.storyboard;
			sourceTree = "<group>";
		};
/* End PBXVariantGroup section */

/* Begin XCBuildConfiguration section */
		569EA0C22265BB9100EA1427 /* Debug */ = {
			isa = XCBuildConfiguration;
			buildSettings = {
				ALWAYS_SEARCH_USER_PATHS = NO;
				CLANG_ANALYZER_NONNULL = YES;
				CLANG_ANALYZER_NUMBER_OBJECT_CONVERSION = YES_AGGRESSIVE;
				CLANG_CXX_LANGUAGE_STANDARD = "gnu++14";
				CLANG_CXX_LIBRARY = "libc++";
				CLANG_ENABLE_MODULES = YES;
				CLANG_ENABLE_OBJC_ARC = YES;
				CLANG_ENABLE_OBJC_WEAK = YES;
				CLANG_WARN_BLOCK_CAPTURE_AUTORELEASING = YES;
				CLANG_WARN_BOOL_CONVERSION = YES;
				CLANG_WARN_COMMA = YES;
				CLANG_WARN_CONSTANT_CONVERSION = YES;
				CLANG_WARN_DEPRECATED_OBJC_IMPLEMENTATIONS = YES;
				CLANG_WARN_DIRECT_OBJC_ISA_USAGE = YES_ERROR;
				CLANG_WARN_DOCUMENTATION_COMMENTS = YES;
				CLANG_WARN_EMPTY_BODY = YES;
				CLANG_WARN_ENUM_CONVERSION = YES;
				CLANG_WARN_INFINITE_RECURSION = YES;
				CLANG_WARN_INT_CONVERSION = YES;
				CLANG_WARN_NON_LITERAL_NULL_CONVERSION = YES;
				CLANG_WARN_OBJC_IMPLICIT_RETAIN_SELF = YES;
				CLANG_WARN_OBJC_LITERAL_CONVERSION = YES;
				CLANG_WARN_OBJC_ROOT_CLASS = YES_ERROR;
				CLANG_WARN_RANGE_LOOP_ANALYSIS = YES;
				CLANG_WARN_STRICT_PROTOTYPES = YES;
				CLANG_WARN_SUSPICIOUS_MOVE = YES;
				CLANG_WARN_UNGUARDED_AVAILABILITY = YES_AGGRESSIVE;
				CLANG_WARN_UNREACHABLE_CODE = YES;
				CLANG_WARN__DUPLICATE_METHOD_MATCH = YES;
				CODE_SIGN_IDENTITY = "iPhone Developer";
				COPY_PHASE_STRIP = NO;
				DEBUG_INFORMATION_FORMAT = dwarf;
				ENABLE_STRICT_OBJC_MSGSEND = YES;
				ENABLE_TESTABILITY = YES;
				GCC_C_LANGUAGE_STANDARD = gnu11;
				GCC_DYNAMIC_NO_PIC = NO;
				GCC_NO_COMMON_BLOCKS = YES;
				GCC_OPTIMIZATION_LEVEL = 0;
				GCC_PREPROCESSOR_DEFINITIONS = (
					"DEBUG=1",
					"$(inherited)",
				);
				GCC_WARN_64_TO_32_BIT_CONVERSION = YES;
				GCC_WARN_ABOUT_RETURN_TYPE = YES_ERROR;
				GCC_WARN_UNDECLARED_SELECTOR = YES;
				GCC_WARN_UNINITIALIZED_AUTOS = YES_AGGRESSIVE;
				GCC_WARN_UNUSED_FUNCTION = YES;
				GCC_WARN_UNUSED_VARIABLE = YES;
				IPHONEOS_DEPLOYMENT_TARGET = 12.2;
				MTL_ENABLE_DEBUG_INFO = INCLUDE_SOURCE;
				MTL_FAST_MATH = YES;
				ONLY_ACTIVE_ARCH = YES;
				SDKROOT = iphoneos;
				SWIFT_ACTIVE_COMPILATION_CONDITIONS = DEBUG;
				SWIFT_OPTIMIZATION_LEVEL = "-Onone";
			};
			name = Debug;
		};
		569EA0C32265BB9100EA1427 /* Release */ = {
			isa = XCBuildConfiguration;
			buildSettings = {
				ALWAYS_SEARCH_USER_PATHS = NO;
				CLANG_ANALYZER_NONNULL = YES;
				CLANG_ANALYZER_NUMBER_OBJECT_CONVERSION = YES_AGGRESSIVE;
				CLANG_CXX_LANGUAGE_STANDARD = "gnu++14";
				CLANG_CXX_LIBRARY = "libc++";
				CLANG_ENABLE_MODULES = YES;
				CLANG_ENABLE_OBJC_ARC = YES;
				CLANG_ENABLE_OBJC_WEAK = YES;
				CLANG_WARN_BLOCK_CAPTURE_AUTORELEASING = YES;
				CLANG_WARN_BOOL_CONVERSION = YES;
				CLANG_WARN_COMMA = YES;
				CLANG_WARN_CONSTANT_CONVERSION = YES;
				CLANG_WARN_DEPRECATED_OBJC_IMPLEMENTATIONS = YES;
				CLANG_WARN_DIRECT_OBJC_ISA_USAGE = YES_ERROR;
				CLANG_WARN_DOCUMENTATION_COMMENTS = YES;
				CLANG_WARN_EMPTY_BODY = YES;
				CLANG_WARN_ENUM_CONVERSION = YES;
				CLANG_WARN_INFINITE_RECURSION = YES;
				CLANG_WARN_INT_CONVERSION = YES;
				CLANG_WARN_NON_LITERAL_NULL_CONVERSION = YES;
				CLANG_WARN_OBJC_IMPLICIT_RETAIN_SELF = YES;
				CLANG_WARN_OBJC_LITERAL_CONVERSION = YES;
				CLANG_WARN_OBJC_ROOT_CLASS = YES_ERROR;
				CLANG_WARN_RANGE_LOOP_ANALYSIS = YES;
				CLANG_WARN_STRICT_PROTOTYPES = YES;
				CLANG_WARN_SUSPICIOUS_MOVE = YES;
				CLANG_WARN_UNGUARDED_AVAILABILITY = YES_AGGRESSIVE;
				CLANG_WARN_UNREACHABLE_CODE = YES;
				CLANG_WARN__DUPLICATE_METHOD_MATCH = YES;
				CODE_SIGN_IDENTITY = "iPhone Developer";
				COPY_PHASE_STRIP = NO;
				DEBUG_INFORMATION_FORMAT = "dwarf-with-dsym";
				ENABLE_NS_ASSERTIONS = NO;
				ENABLE_STRICT_OBJC_MSGSEND = YES;
				GCC_C_LANGUAGE_STANDARD = gnu11;
				GCC_NO_COMMON_BLOCKS = YES;
				GCC_WARN_64_TO_32_BIT_CONVERSION = YES;
				GCC_WARN_ABOUT_RETURN_TYPE = YES_ERROR;
				GCC_WARN_UNDECLARED_SELECTOR = YES;
				GCC_WARN_UNINITIALIZED_AUTOS = YES_AGGRESSIVE;
				GCC_WARN_UNUSED_FUNCTION = YES;
				GCC_WARN_UNUSED_VARIABLE = YES;
				IPHONEOS_DEPLOYMENT_TARGET = 12.2;
				MTL_ENABLE_DEBUG_INFO = NO;
				MTL_FAST_MATH = YES;
				SDKROOT = iphoneos;
				SWIFT_COMPILATION_MODE = wholemodule;
				SWIFT_OPTIMIZATION_LEVEL = "-O";
				VALIDATE_PRODUCT = YES;
			};
			name = Release;
		};
		569EA0C52265BB9100EA1427 /* Debug */ = {
			isa = XCBuildConfiguration;
			baseConfigurationReference = 77F78A33C15A852BC5ABCDBD /* Pods-dzodzo.debug.xcconfig */;
			buildSettings = {
				ASSETCATALOG_COMPILER_APPICON_NAME = AppIcon;
				CLANG_ENABLE_MODULES = YES;
				CODE_SIGN_STYLE = Automatic;
				DEVELOPMENT_TEAM = R545ZGZS5K;
				INFOPLIST_FILE = dzodzo/Info.plist;
				IPHONEOS_DEPLOYMENT_TARGET = 10.0;
				LD_RUNPATH_SEARCH_PATHS = (
					"$(inherited)",
					"@executable_path/Frameworks",
				);
				PRODUCT_BUNDLE_IDENTIFIER = vn.neo.dzodzo;
				PRODUCT_NAME = "$(TARGET_NAME)";
				SWIFT_OBJC_BRIDGING_HEADER = "dzodzo/View/New Group/dzodzo-Bridging-Header.h";
				SWIFT_OPTIMIZATION_LEVEL = "-Onone";
				SWIFT_VERSION = 5.0;
				TARGETED_DEVICE_FAMILY = 2;
			};
			name = Debug;
		};
		569EA0C62265BB9100EA1427 /* Release */ = {
			isa = XCBuildConfiguration;
			baseConfigurationReference = EDC63531AFE9F6C5E5E2C875 /* Pods-dzodzo.release.xcconfig */;
			buildSettings = {
				ASSETCATALOG_COMPILER_APPICON_NAME = AppIcon;
				CLANG_ENABLE_MODULES = YES;
				CODE_SIGN_STYLE = Automatic;
				DEVELOPMENT_TEAM = R545ZGZS5K;
				INFOPLIST_FILE = dzodzo/Info.plist;
				IPHONEOS_DEPLOYMENT_TARGET = 10.0;
				LD_RUNPATH_SEARCH_PATHS = (
					"$(inherited)",
					"@executable_path/Frameworks",
				);
				PRODUCT_BUNDLE_IDENTIFIER = vn.neo.dzodzo;
				PRODUCT_NAME = "$(TARGET_NAME)";
				SWIFT_OBJC_BRIDGING_HEADER = "dzodzo/View/New Group/dzodzo-Bridging-Header.h";
				SWIFT_VERSION = 5.0;
				TARGETED_DEVICE_FAMILY = 2;
			};
			name = Release;
		};
/* End XCBuildConfiguration section */

/* Begin XCConfigurationList section */
		569EA0AD2265BB9000EA1427 /* Build configuration list for PBXProject "dzodzo" */ = {
			isa = XCConfigurationList;
			buildConfigurations = (
				569EA0C22265BB9100EA1427 /* Debug */,
				569EA0C32265BB9100EA1427 /* Release */,
			);
			defaultConfigurationIsVisible = 0;
			defaultConfigurationName = Release;
		};
		569EA0C42265BB9100EA1427 /* Build configuration list for PBXNativeTarget "dzodzo" */ = {
			isa = XCConfigurationList;
			buildConfigurations = (
				569EA0C52265BB9100EA1427 /* Debug */,
				569EA0C62265BB9100EA1427 /* Release */,
			);
			defaultConfigurationIsVisible = 0;
			defaultConfigurationName = Release;
		};
/* End XCConfigurationList section */
	};
	rootObject = 569EA0AA2265BB9000EA1427 /* Project object */;
}
